// !$*UTF8*$!
{
	archiveVersion = 1;
	classes = {
	};
	objectVersion = 46;
	objects = {

/* Begin PBXBuildFile section */
		333773E01643024300D8672D /* Localizable.strings in Resources */ = {isa = PBXBuildFile; fileRef = 333773E21643024300D8672D /* Localizable.strings */; };
		333773E61643041B00D8672D /* RBWebViewController.m in Sources */ = {isa = PBXBuildFile; fileRef = 333773E41643041B00D8672D /* RBWebViewController.m */; };
		333773E71643041B00D8672D /* RBWebViewController.xib in Resources */ = {isa = PBXBuildFile; fileRef = 333773E51643041B00D8672D /* RBWebViewController.xib */; };
		3355B384164744960068FB07 /* Default-Landscape.png in Resources */ = {isa = PBXBuildFile; fileRef = 3355B380164744960068FB07 /* Default-Landscape.png */; };
		3355B385164744960068FB07 /* Default-Landscape@2x.png in Resources */ = {isa = PBXBuildFile; fileRef = 3355B381164744960068FB07 /* Default-Landscape@2x.png */; };
		3355B386164744960068FB07 /* Default-Portrait.png in Resources */ = {isa = PBXBuildFile; fileRef = 3355B382164744960068FB07 /* Default-Portrait.png */; };
		3355B387164744960068FB07 /* Default-Portrait@2x.png in Resources */ = {isa = PBXBuildFile; fileRef = 3355B383164744960068FB07 /* Default-Portrait@2x.png */; };
		33A0960B1642CE74008FE2E4 /* RBCoreDataHelpers.m in Sources */ = {isa = PBXBuildFile; fileRef = 33A0960A1642CE74008FE2E4 /* RBCoreDataHelpers.m */; };
		33A096281642E137008FE2E4 /* NSNotificationCenter+MainThread.m in Sources */ = {isa = PBXBuildFile; fileRef = 33A096271642E137008FE2E4 /* NSNotificationCenter+MainThread.m */; };
		33A0962C1642E4EC008FE2E4 /* UserCell.m in Sources */ = {isa = PBXBuildFile; fileRef = 33A0962A1642E4EC008FE2E4 /* UserCell.m */; };
		33A0962D1642E4EC008FE2E4 /* UserCell.xib in Resources */ = {isa = PBXBuildFile; fileRef = 33A0962B1642E4EC008FE2E4 /* UserCell.xib */; };
		33A36FBC1641D24600E40187 /* UIKit.framework in Frameworks */ = {isa = PBXBuildFile; fileRef = 33A36FBB1641D24600E40187 /* UIKit.framework */; };
		33A36FBE1641D24600E40187 /* Foundation.framework in Frameworks */ = {isa = PBXBuildFile; fileRef = 33A36FBD1641D24600E40187 /* Foundation.framework */; };
		33A36FC01641D24600E40187 /* CoreGraphics.framework in Frameworks */ = {isa = PBXBuildFile; fileRef = 33A36FBF1641D24600E40187 /* CoreGraphics.framework */; };
		33A36FC21641D24600E40187 /* CoreData.framework in Frameworks */ = {isa = PBXBuildFile; fileRef = 33A36FC11641D24600E40187 /* CoreData.framework */; };
		33A36FCA1641D24600E40187 /* main.m in Sources */ = {isa = PBXBuildFile; fileRef = 33A36FC91641D24600E40187 /* main.m */; };
		33A36FCE1641D24600E40187 /* RBAppDelegate.m in Sources */ = {isa = PBXBuildFile; fileRef = 33A36FCD1641D24600E40187 /* RBAppDelegate.m */; };
		33A36FD01641D24600E40187 /* Default.png in Resources */ = {isa = PBXBuildFile; fileRef = 33A36FCF1641D24600E40187 /* Default.png */; };
		33A36FD21641D24600E40187 /* Default@2x.png in Resources */ = {isa = PBXBuildFile; fileRef = 33A36FD11641D24600E40187 /* Default@2x.png */; };
		33A36FD41641D24600E40187 /* Default-568h@2x.png in Resources */ = {isa = PBXBuildFile; fileRef = 33A36FD31641D24600E40187 /* Default-568h@2x.png */; };
		33A36FD71641D24700E40187 /* FacebookReader.xcdatamodeld in Sources */ = {isa = PBXBuildFile; fileRef = 33A36FD51641D24700E40187 /* FacebookReader.xcdatamodeld */; };
		33A36FDA1641D24700E40187 /* RBMasterViewController.m in Sources */ = {isa = PBXBuildFile; fileRef = 33A36FD91641D24700E40187 /* RBMasterViewController.m */; };
		33A36FDD1641D24700E40187 /* RBUserDetailViewController.m in Sources */ = {isa = PBXBuildFile; fileRef = 33A36FDC1641D24700E40187 /* RBUserDetailViewController.m */; };
		33A36FE01641D24700E40187 /* RBMasterViewController_iPhone.xib in Resources */ = {isa = PBXBuildFile; fileRef = 33A36FDE1641D24700E40187 /* RBMasterViewController_iPhone.xib */; };
		33A36FE31641D24700E40187 /* RBMasterViewController_iPad.xib in Resources */ = {isa = PBXBuildFile; fileRef = 33A36FE11641D24700E40187 /* RBMasterViewController_iPad.xib */; };
		33A36FE61641D24700E40187 /* RBUserDetailViewController_iPhone.xib in Resources */ = {isa = PBXBuildFile; fileRef = 33A36FE41641D24700E40187 /* RBUserDetailViewController_iPhone.xib */; };
		33A36FE91641D24700E40187 /* RBUserDetailViewController_iPad.xib in Resources */ = {isa = PBXBuildFile; fileRef = 33A36FE71641D24700E40187 /* RBUserDetailViewController_iPad.xib */; };
		33A36FF61641FE2B00E40187 /* User.m in Sources */ = {isa = PBXBuildFile; fileRef = 33A36FF51641FE2B00E40187 /* User.m */; };
		33A36FFE1641FEA100E40187 /* User+Utils.m in Sources */ = {isa = PBXBuildFile; fileRef = 33A36FFD1641FEA100E40187 /* User+Utils.m */; };
		33A37010164201DE00E40187 /* RBServerConnection.m in Sources */ = {isa = PBXBuildFile; fileRef = 33A3700F164201DE00E40187 /* RBServerConnection.m */; };
		33A3701416420C9D00E40187 /* JSONKit.m in Sources */ = {isa = PBXBuildFile; fileRef = 33A3701316420C9D00E40187 /* JSONKit.m */; };
		33A3701816427D0100E40187 /* RBAddUserServerConnection.m in Sources */ = {isa = PBXBuildFile; fileRef = 33A3701716427D0100E40187 /* RBAddUserServerConnection.m */; };
		33A3701F1642863B00E40187 /* NSDictionary+Utils.m in Sources */ = {isa = PBXBuildFile; fileRef = 33A3701E1642863B00E40187 /* NSDictionary+Utils.m */; };
		33C19B7E1643386A00CE1C0A /* BUIButton.m in Sources */ = {isa = PBXBuildFile; fileRef = 33C19B7B1643386A00CE1C0A /* BUIButton.m */; };
		33C19B7F1643386A00CE1C0A /* BUILabel.m in Sources */ = {isa = PBXBuildFile; fileRef = 33C19B7D1643386A00CE1C0A /* BUILabel.m */; };
		33C19B83164338D200CE1C0A /* UIColor+Beauty.m in Sources */ = {isa = PBXBuildFile; fileRef = 33C19B82164338D200CE1C0A /* UIColor+Beauty.m */; };
		33D919F416433ECF00CCF09F /* Localizable.strings in Resources */ = {isa = PBXBuildFile; fileRef = 33D919E916433ECF00CCF09F /* Localizable.strings */; };
		33D919F516433ECF00CCF09F /* RBMasterViewController_iPad.xib in Resources */ = {isa = PBXBuildFile; fileRef = 33D919EB16433ECF00CCF09F /* RBMasterViewController_iPad.xib */; };
		33D919F616433ECF00CCF09F /* RBMasterViewController_iPhone.xib in Resources */ = {isa = PBXBuildFile; fileRef = 33D919ED16433ECF00CCF09F /* RBMasterViewController_iPhone.xib */; };
		33D919F716433ECF00CCF09F /* RBUserDetailViewController_iPad.xib in Resources */ = {isa = PBXBuildFile; fileRef = 33D919EF16433ECF00CCF09F /* RBUserDetailViewController_iPad.xib */; };
		33D919F816433ECF00CCF09F /* RBUserDetailViewController_iPhone.xib in Resources */ = {isa = PBXBuildFile; fileRef = 33D919F116433ECF00CCF09F /* RBUserDetailViewController_iPhone.xib */; };
		33E1154B164743CA004924E5 /* Icon-72.png in Resources */ = {isa = PBXBuildFile; fileRef = 33E11545164743CA004924E5 /* Icon-72.png */; };
		33E1154C164743CA004924E5 /* Icon-72@2x.png in Resources */ = {isa = PBXBuildFile; fileRef = 33E11546164743CA004924E5 /* Icon-72@2x.png */; };
		33E1154D164743CA004924E5 /* Icon-Small-50.png in Resources */ = {isa = PBXBuildFile; fileRef = 33E11547164743CA004924E5 /* Icon-Small-50.png */; };
		33E1154E164743CA004924E5 /* Icon-Small-50@2x.png in Resources */ = {isa = PBXBuildFile; fileRef = 33E11548164743CA004924E5 /* Icon-Small-50@2x.png */; };
		33E1154F164743CA004924E5 /* Icon.png in Resources */ = {isa = PBXBuildFile; fileRef = 33E11549164743CA004924E5 /* Icon.png */; };
		33E11550164743CA004924E5 /* Icon@2x.png in Resources */ = {isa = PBXBuildFile; fileRef = 33E1154A164743CA004924E5 /* Icon@2x.png */; };
		33F72A6D16432E04007EB4CC /* RBRefreshUserServerConnection.m in Sources */ = {isa = PBXBuildFile; fileRef = 33F72A6C16432E04007EB4CC /* RBRefreshUserServerConnection.m */; };
/* End PBXBuildFile section */

/* Begin PBXFileReference section */
		333773E11643024300D8672D /* en */ = {isa = PBXFileReference; lastKnownFileType = text.plist.strings; name = en; path = en.lproj/Localizable.strings; sourceTree = "<group>"; };
		333773E31643041B00D8672D /* RBWebViewController.h */ = {isa = PBXFileReference; fileEncoding = 4; lastKnownFileType = sourcecode.c.h; path = RBWebViewController.h; sourceTree = "<group>"; };
		333773E41643041B00D8672D /* RBWebViewController.m */ = {isa = PBXFileReference; fileEncoding = 4; lastKnownFileType = sourcecode.c.objc; path = RBWebViewController.m; sourceTree = "<group>"; };
		333773E51643041B00D8672D /* RBWebViewController.xib */ = {isa = PBXFileReference; fileEncoding = 4; lastKnownFileType = file.xib; path = RBWebViewController.xib; sourceTree = "<group>"; };
		3355B380164744960068FB07 /* Default-Landscape.png */ = {isa = PBXFileReference; lastKnownFileType = image.png; path = "Default-Landscape.png"; sourceTree = "<group>"; };
		3355B381164744960068FB07 /* Default-Landscape@2x.png */ = {isa = PBXFileReference; lastKnownFileType = image.png; path = "Default-Landscape@2x.png"; sourceTree = "<group>"; };
		3355B382164744960068FB07 /* Default-Portrait.png */ = {isa = PBXFileReference; lastKnownFileType = image.png; path = "Default-Portrait.png"; sourceTree = "<group>"; };
		3355B383164744960068FB07 /* Default-Portrait@2x.png */ = {isa = PBXFileReference; lastKnownFileType = image.png; path = "Default-Portrait@2x.png"; sourceTree = "<group>"; };
		33A096091642CE74008FE2E4 /* RBCoreDataHelpers.h */ = {isa = PBXFileReference; fileEncoding = 4; lastKnownFileType = sourcecode.c.h; name = RBCoreDataHelpers.h; path = FacebookReader/RBCoreDataHelpers.h; sourceTree = "<group>"; };
		33A0960A1642CE74008FE2E4 /* RBCoreDataHelpers.m */ = {isa = PBXFileReference; fileEncoding = 4; lastKnownFileType = sourcecode.c.objc; name = RBCoreDataHelpers.m; path = FacebookReader/RBCoreDataHelpers.m; sourceTree = "<group>"; };
		33A096261642E137008FE2E4 /* NSNotificationCenter+MainThread.h */ = {isa = PBXFileReference; fileEncoding = 4; lastKnownFileType = sourcecode.c.h; path = "NSNotificationCenter+MainThread.h"; sourceTree = "<group>"; };
		33A096271642E137008FE2E4 /* NSNotificationCenter+MainThread.m */ = {isa = PBXFileReference; fileEncoding = 4; lastKnownFileType = sourcecode.c.objc; path = "NSNotificationCenter+MainThread.m"; sourceTree = "<group>"; };
		33A096291642E4EC008FE2E4 /* UserCell.h */ = {isa = PBXFileReference; fileEncoding = 4; lastKnownFileType = sourcecode.c.h; path = UserCell.h; sourceTree = "<group>"; };
		33A0962A1642E4EC008FE2E4 /* UserCell.m */ = {isa = PBXFileReference; fileEncoding = 4; lastKnownFileType = sourcecode.c.objc; path = UserCell.m; sourceTree = "<group>"; };
		33A0962B1642E4EC008FE2E4 /* UserCell.xib */ = {isa = PBXFileReference; fileEncoding = 4; lastKnownFileType = file.xib; path = UserCell.xib; sourceTree = "<group>"; };
		33A36FB71641D24600E40187 /* FacebookReader.app */ = {isa = PBXFileReference; explicitFileType = wrapper.application; includeInIndex = 0; path = FacebookReader.app; sourceTree = BUILT_PRODUCTS_DIR; };
		33A36FBB1641D24600E40187 /* UIKit.framework */ = {isa = PBXFileReference; lastKnownFileType = wrapper.framework; name = UIKit.framework; path = System/Library/Frameworks/UIKit.framework; sourceTree = SDKROOT; };
		33A36FBD1641D24600E40187 /* Foundation.framework */ = {isa = PBXFileReference; lastKnownFileType = wrapper.framework; name = Foundation.framework; path = System/Library/Frameworks/Foundation.framework; sourceTree = SDKROOT; };
		33A36FBF1641D24600E40187 /* CoreGraphics.framework */ = {isa = PBXFileReference; lastKnownFileType = wrapper.framework; name = CoreGraphics.framework; path = System/Library/Frameworks/CoreGraphics.framework; sourceTree = SDKROOT; };
		33A36FC11641D24600E40187 /* CoreData.framework */ = {isa = PBXFileReference; lastKnownFileType = wrapper.framework; name = CoreData.framework; path = System/Library/Frameworks/CoreData.framework; sourceTree = SDKROOT; };
		33A36FC51641D24600E40187 /* FacebookReader-Info.plist */ = {isa = PBXFileReference; lastKnownFileType = text.plist.xml; path = "FacebookReader-Info.plist"; sourceTree = "<group>"; };
		33A36FC91641D24600E40187 /* main.m */ = {isa = PBXFileReference; lastKnownFileType = sourcecode.c.objc; path = main.m; sourceTree = "<group>"; };
		33A36FCB1641D24600E40187 /* FacebookReader-Prefix.pch */ = {isa = PBXFileReference; lastKnownFileType = sourcecode.c.h; path = "FacebookReader-Prefix.pch"; sourceTree = "<group>"; };
		33A36FCC1641D24600E40187 /* RBAppDelegate.h */ = {isa = PBXFileReference; lastKnownFileType = sourcecode.c.h; path = RBAppDelegate.h; sourceTree = "<group>"; };
		33A36FCD1641D24600E40187 /* RBAppDelegate.m */ = {isa = PBXFileReference; lastKnownFileType = sourcecode.c.objc; path = RBAppDelegate.m; sourceTree = "<group>"; };
		33A36FCF1641D24600E40187 /* Default.png */ = {isa = PBXFileReference; lastKnownFileType = image.png; path = Default.png; sourceTree = "<group>"; };
		33A36FD11641D24600E40187 /* Default@2x.png */ = {isa = PBXFileReference; lastKnownFileType = image.png; path = "Default@2x.png"; sourceTree = "<group>"; };
		33A36FD31641D24600E40187 /* Default-568h@2x.png */ = {isa = PBXFileReference; lastKnownFileType = image.png; path = "Default-568h@2x.png"; sourceTree = "<group>"; };
		33A36FD61641D24700E40187 /* FacebookReader.xcdatamodel */ = {isa = PBXFileReference; lastKnownFileType = wrapper.xcdatamodel; path = FacebookReader.xcdatamodel; sourceTree = "<group>"; };
		33A36FD81641D24700E40187 /* RBMasterViewController.h */ = {isa = PBXFileReference; lastKnownFileType = sourcecode.c.h; path = RBMasterViewController.h; sourceTree = "<group>"; };
		33A36FD91641D24700E40187 /* RBMasterViewController.m */ = {isa = PBXFileReference; lastKnownFileType = sourcecode.c.objc; path = RBMasterViewController.m; sourceTree = "<group>"; };
		33A36FDB1641D24700E40187 /* RBUserDetailViewController.h */ = {isa = PBXFileReference; lastKnownFileType = sourcecode.c.h; path = RBUserDetailViewController.h; sourceTree = "<group>"; };
		33A36FDC1641D24700E40187 /* RBUserDetailViewController.m */ = {isa = PBXFileReference; lastKnownFileType = sourcecode.c.objc; path = RBUserDetailViewController.m; sourceTree = "<group>"; };
		33A36FDF1641D24700E40187 /* en */ = {isa = PBXFileReference; lastKnownFileType = file.xib; name = en; path = en.lproj/RBMasterViewController_iPhone.xib; sourceTree = "<group>"; };
		33A36FE21641D24700E40187 /* en */ = {isa = PBXFileReference; lastKnownFileType = file.xib; name = en; path = en.lproj/RBMasterViewController_iPad.xib; sourceTree = "<group>"; };
		33A36FE51641D24700E40187 /* en */ = {isa = PBXFileReference; lastKnownFileType = file.xib; name = en; path = en.lproj/RBUserDetailViewController_iPhone.xib; sourceTree = "<group>"; };
		33A36FE81641D24700E40187 /* en */ = {isa = PBXFileReference; lastKnownFileType = file.xib; name = en; path = en.lproj/RBUserDetailViewController_iPad.xib; sourceTree = "<group>"; };
		33A36FF41641FE2B00E40187 /* User.h */ = {isa = PBXFileReference; fileEncoding = 4; lastKnownFileType = sourcecode.c.h; path = User.h; sourceTree = "<group>"; };
		33A36FF51641FE2B00E40187 /* User.m */ = {isa = PBXFileReference; fileEncoding = 4; lastKnownFileType = sourcecode.c.objc; path = User.m; sourceTree = "<group>"; };
		33A36FFC1641FEA100E40187 /* User+Utils.h */ = {isa = PBXFileReference; fileEncoding = 4; lastKnownFileType = sourcecode.c.h; path = "User+Utils.h"; sourceTree = "<group>"; };
		33A36FFD1641FEA100E40187 /* User+Utils.m */ = {isa = PBXFileReference; fileEncoding = 4; lastKnownFileType = sourcecode.c.objc; path = "User+Utils.m"; sourceTree = "<group>"; };
		33A3700E164201DD00E40187 /* RBServerConnection.h */ = {isa = PBXFileReference; fileEncoding = 4; lastKnownFileType = sourcecode.c.h; name = RBServerConnection.h; path = FacebookReader/RBServerConnection.h; sourceTree = "<group>"; };
		33A3700F164201DE00E40187 /* RBServerConnection.m */ = {isa = PBXFileReference; fileEncoding = 4; lastKnownFileType = sourcecode.c.objc; name = RBServerConnection.m; path = FacebookReader/RBServerConnection.m; sourceTree = "<group>"; };
		33A3701216420C9D00E40187 /* JSONKit.h */ = {isa = PBXFileReference; fileEncoding = 4; lastKnownFileType = sourcecode.c.h; path = JSONKit.h; sourceTree = "<group>"; };
		33A3701316420C9D00E40187 /* JSONKit.m */ = {isa = PBXFileReference; fileEncoding = 4; lastKnownFileType = sourcecode.c.objc; path = JSONKit.m; sourceTree = "<group>"; };
		33A3701616427D0100E40187 /* RBAddUserServerConnection.h */ = {isa = PBXFileReference; fileEncoding = 4; lastKnownFileType = sourcecode.c.h; name = RBAddUserServerConnection.h; path = FacebookReader/RBAddUserServerConnection.h; sourceTree = "<group>"; };
		33A3701716427D0100E40187 /* RBAddUserServerConnection.m */ = {isa = PBXFileReference; fileEncoding = 4; lastKnownFileType = sourcecode.c.objc; name = RBAddUserServerConnection.m; path = FacebookReader/RBAddUserServerConnection.m; sourceTree = "<group>"; };
		33A3701D1642863B00E40187 /* NSDictionary+Utils.h */ = {isa = PBXFileReference; fileEncoding = 4; lastKnownFileType = sourcecode.c.h; path = "NSDictionary+Utils.h"; sourceTree = "<group>"; };
		33A3701E1642863B00E40187 /* NSDictionary+Utils.m */ = {isa = PBXFileReference; fileEncoding = 4; lastKnownFileType = sourcecode.c.objc; path = "NSDictionary+Utils.m"; sourceTree = "<group>"; };
		33A3702016428F3400E40187 /* UserKeys.h */ = {isa = PBXFileReference; lastKnownFileType = sourcecode.c.h; path = UserKeys.h; sourceTree = "<group>"; };
		33C19B7A1643386A00CE1C0A /* BUIButton.h */ = {isa = PBXFileReference; fileEncoding = 4; lastKnownFileType = sourcecode.c.h; path = BUIButton.h; sourceTree = "<group>"; };
		33C19B7B1643386A00CE1C0A /* BUIButton.m */ = {isa = PBXFileReference; fileEncoding = 4; lastKnownFileType = sourcecode.c.objc; path = BUIButton.m; sourceTree = "<group>"; };
		33C19B7C1643386A00CE1C0A /* BUILabel.h */ = {isa = PBXFileReference; fileEncoding = 4; lastKnownFileType = sourcecode.c.h; path = BUILabel.h; sourceTree = "<group>"; };
		33C19B7D1643386A00CE1C0A /* BUILabel.m */ = {isa = PBXFileReference; fileEncoding = 4; lastKnownFileType = sourcecode.c.objc; path = BUILabel.m; sourceTree = "<group>"; };
		33C19B81164338D200CE1C0A /* UIColor+Beauty.h */ = {isa = PBXFileReference; fileEncoding = 4; lastKnownFileType = sourcecode.c.h; path = "UIColor+Beauty.h"; sourceTree = "<group>"; };
		33C19B82164338D200CE1C0A /* UIColor+Beauty.m */ = {isa = PBXFileReference; fileEncoding = 4; lastKnownFileType = sourcecode.c.objc; path = "UIColor+Beauty.m"; sourceTree = "<group>"; };
		33D919EA16433ECF00CCF09F /* fr */ = {isa = PBXFileReference; lastKnownFileType = text.plist.strings; name = fr; path = Localizable.strings; sourceTree = "<group>"; };
		33D919EC16433ECF00CCF09F /* fr */ = {isa = PBXFileReference; lastKnownFileType = file.xib; name = fr; path = RBMasterViewController_iPad.xib; sourceTree = "<group>"; };
		33D919EE16433ECF00CCF09F /* fr */ = {isa = PBXFileReference; lastKnownFileType = file.xib; name = fr; path = RBMasterViewController_iPhone.xib; sourceTree = "<group>"; };
		33D919F016433ECF00CCF09F /* fr */ = {isa = PBXFileReference; lastKnownFileType = file.xib; name = fr; path = RBUserDetailViewController_iPad.xib; sourceTree = "<group>"; };
		33D919F216433ECF00CCF09F /* fr */ = {isa = PBXFileReference; lastKnownFileType = file.xib; name = fr; path = RBUserDetailViewController_iPhone.xib; sourceTree = "<group>"; };
		33E11545164743CA004924E5 /* Icon-72.png */ = {isa = PBXFileReference; lastKnownFileType = image.png; path = "Icon-72.png"; sourceTree = "<group>"; };
		33E11546164743CA004924E5 /* Icon-72@2x.png */ = {isa = PBXFileReference; lastKnownFileType = image.png; path = "Icon-72@2x.png"; sourceTree = "<group>"; };
		33E11547164743CA004924E5 /* Icon-Small-50.png */ = {isa = PBXFileReference; lastKnownFileType = image.png; path = "Icon-Small-50.png"; sourceTree = "<group>"; };
		33E11548164743CA004924E5 /* Icon-Small-50@2x.png */ = {isa = PBXFileReference; lastKnownFileType = image.png; path = "Icon-Small-50@2x.png"; sourceTree = "<group>"; };
		33E11549164743CA004924E5 /* Icon.png */ = {isa = PBXFileReference; lastKnownFileType = image.png; path = Icon.png; sourceTree = "<group>"; };
		33E1154A164743CA004924E5 /* Icon@2x.png */ = {isa = PBXFileReference; lastKnownFileType = image.png; path = "Icon@2x.png"; sourceTree = "<group>"; };
		33F72A6B16432E03007EB4CC /* RBRefreshUserServerConnection.h */ = {isa = PBXFileReference; fileEncoding = 4; lastKnownFileType = sourcecode.c.h; name = RBRefreshUserServerConnection.h; path = FacebookReader/RBRefreshUserServerConnection.h; sourceTree = "<group>"; };
		33F72A6C16432E04007EB4CC /* RBRefreshUserServerConnection.m */ = {isa = PBXFileReference; fileEncoding = 4; lastKnownFileType = sourcecode.c.objc; name = RBRefreshUserServerConnection.m; path = FacebookReader/RBRefreshUserServerConnection.m; sourceTree = "<group>"; };
/* End PBXFileReference section */

/* Begin PBXFrameworksBuildPhase section */
		33A36FB41641D24600E40187 /* Frameworks */ = {
			isa = PBXFrameworksBuildPhase;
			buildActionMask = 2147483647;
			files = (
				33A36FBC1641D24600E40187 /* UIKit.framework in Frameworks */,
				33A36FBE1641D24600E40187 /* Foundation.framework in Frameworks */,
				33A36FC01641D24600E40187 /* CoreGraphics.framework in Frameworks */,
				33A36FC21641D24600E40187 /* CoreData.framework in Frameworks */,
			);
			runOnlyForDeploymentPostprocessing = 0;
		};
/* End PBXFrameworksBuildPhase section */

/* Begin PBXGroup section */
		333773E81643049300D8672D /* WebViewController */ = {
			isa = PBXGroup;
			children = (
				333773E31643041B00D8672D /* RBWebViewController.h */,
				333773E41643041B00D8672D /* RBWebViewController.m */,
				333773E51643041B00D8672D /* RBWebViewController.xib */,
			);
			name = WebViewController;
			sourceTree = "<group>";
		};
		33A0960C1642CE78008FE2E4 /* Core Data Helpers */ = {
			isa = PBXGroup;
			children = (
				33A096091642CE74008FE2E4 /* RBCoreDataHelpers.h */,
				33A0960A1642CE74008FE2E4 /* RBCoreDataHelpers.m */,
			);
			name = "Core Data Helpers";
			sourceTree = "<group>";
		};
		33A0962E1642E4F2008FE2E4 /* Cell */ = {
			isa = PBXGroup;
			children = (
				33A096291642E4EC008FE2E4 /* UserCell.h */,
				33A0962A1642E4EC008FE2E4 /* UserCell.m */,
				33A0962B1642E4EC008FE2E4 /* UserCell.xib */,
			);
			name = Cell;
			sourceTree = "<group>";
		};
		33A36FAC1641D24600E40187 = {
			isa = PBXGroup;
			children = (
				33A36FC31641D24600E40187 /* Classes */,
				33A36FBA1641D24600E40187 /* Frameworks */,
				33A36FB81641D24600E40187 /* Products */,
			);
			sourceTree = "<group>";
		};
		33A36FB81641D24600E40187 /* Products */ = {
			isa = PBXGroup;
			children = (
				33A36FB71641D24600E40187 /* FacebookReader.app */,
			);
			name = Products;
			sourceTree = "<group>";
		};
		33A36FBA1641D24600E40187 /* Frameworks */ = {
			isa = PBXGroup;
			children = (
				33A36FBB1641D24600E40187 /* UIKit.framework */,
				33A36FBD1641D24600E40187 /* Foundation.framework */,
				33A36FBF1641D24600E40187 /* CoreGraphics.framework */,
				33A36FC11641D24600E40187 /* CoreData.framework */,
			);
			name = Frameworks;
			sourceTree = "<group>";
		};
		33A36FC31641D24600E40187 /* Classes */ = {
			isa = PBXGroup;
			children = (
				33A3701116420C9200E40187 /* Externals */,
				33A36FCC1641D24600E40187 /* RBAppDelegate.h */,
				33A36FCD1641D24600E40187 /* RBAppDelegate.m */,
				33A36FF81641FE4C00E40187 /* Model */,
				33A36FF91641FE6F00E40187 /* ViewControllers */,
				33A36FC41641D24600E40187 /* Supporting Files */,
			);
			name = Classes;
			path = FacebookReader;
			sourceTree = "<group>";
		};
		33A36FC41641D24600E40187 /* Supporting Files */ = {
			isa = PBXGroup;
			children = (
				33D919E616433ECF00CCF09F /* fr.lproj */,
				33A3703A1642AB4F00E40187 /* Images */,
				33A36FC51641D24600E40187 /* FacebookReader-Info.plist */,
				33D919E416433E7C00CCF09F /* en */,
				33A36FC91641D24600E40187 /* main.m */,
				33A36FCB1641D24600E40187 /* FacebookReader-Prefix.pch */,
			);
			name = "Supporting Files";
			sourceTree = "<group>";
		};
		33A36FF71641FE3B00E40187 /* User */ = {
			isa = PBXGroup;
			children = (
				33A3702016428F3400E40187 /* UserKeys.h */,
				33A36FF41641FE2B00E40187 /* User.h */,
				33A36FF51641FE2B00E40187 /* User.m */,
				33A36FFF1641FEA600E40187 /* Utils */,
			);
			name = User;
			path = FacebookReader;
			sourceTree = "<group>";
		};
		33A36FF81641FE4C00E40187 /* Model */ = {
			isa = PBXGroup;
			children = (
				33A36FD51641D24700E40187 /* FacebookReader.xcdatamodeld */,
				33A0960C1642CE78008FE2E4 /* Core Data Helpers */,
				33A3701516427CE300E40187 /* ServerConnection */,
				33A36FF71641FE3B00E40187 /* User */,
			);
			name = Model;
			path = ..;
			sourceTree = "<group>";
		};
		33A36FF91641FE6F00E40187 /* ViewControllers */ = {
			isa = PBXGroup;
			children = (
				33A36FFA1641FE7D00E40187 /* ContactList */,
				33A36FFB1641FE8800E40187 /* UserDetail */,
				333773E81643049300D8672D /* WebViewController */,
			);
			name = ViewControllers;
			sourceTree = "<group>";
		};
		33A36FFA1641FE7D00E40187 /* ContactList */ = {
			isa = PBXGroup;
			children = (
				33A36FD81641D24700E40187 /* RBMasterViewController.h */,
				33A36FD91641D24700E40187 /* RBMasterViewController.m */,
				33A36FDE1641D24700E40187 /* RBMasterViewController_iPhone.xib */,
				33A36FE11641D24700E40187 /* RBMasterViewController_iPad.xib */,
				33A0962E1642E4F2008FE2E4 /* Cell */,
			);
			name = ContactList;
			sourceTree = "<group>";
		};
		33A36FFB1641FE8800E40187 /* UserDetail */ = {
			isa = PBXGroup;
			children = (
				33A36FDB1641D24700E40187 /* RBUserDetailViewController.h */,
				33A36FDC1641D24700E40187 /* RBUserDetailViewController.m */,
				33A36FE41641D24700E40187 /* RBUserDetailViewController_iPhone.xib */,
				33A36FE71641D24700E40187 /* RBUserDetailViewController_iPad.xib */,
			);
			name = UserDetail;
			sourceTree = "<group>";
		};
		33A36FFF1641FEA600E40187 /* Utils */ = {
			isa = PBXGroup;
			children = (
				33A36FFC1641FEA100E40187 /* User+Utils.h */,
				33A36FFD1641FEA100E40187 /* User+Utils.m */,
			);
			name = Utils;
			sourceTree = "<group>";
		};
		33A3701116420C9200E40187 /* Externals */ = {
			isa = PBXGroup;
			children = (
				33C19B84164338F700CE1C0A /* BK */,
				33A096261642E137008FE2E4 /* NSNotificationCenter+MainThread.h */,
				33A096271642E137008FE2E4 /* NSNotificationCenter+MainThread.m */,
				33A3701216420C9D00E40187 /* JSONKit.h */,
				33A3701316420C9D00E40187 /* JSONKit.m */,
				33A3701D1642863B00E40187 /* NSDictionary+Utils.h */,
				33A3701E1642863B00E40187 /* NSDictionary+Utils.m */,
			);
			name = Externals;
			sourceTree = "<group>";
		};
		33A3701516427CE300E40187 /* ServerConnection */ = {
			isa = PBXGroup;
			children = (
				33A3700E164201DD00E40187 /* RBServerConnection.h */,
				33A3700F164201DE00E40187 /* RBServerConnection.m */,
				33A3701916427D0600E40187 /* AddUser */,
				33F72A6E16432E08007EB4CC /* RefreshUser */,
			);
			name = ServerConnection;
			sourceTree = "<group>";
		};
		33A3701916427D0600E40187 /* AddUser */ = {
			isa = PBXGroup;
			children = (
				33A3701616427D0100E40187 /* RBAddUserServerConnection.h */,
				33A3701716427D0100E40187 /* RBAddUserServerConnection.m */,
			);
			name = AddUser;
			sourceTree = "<group>";
		};
		33A3703A1642AB4F00E40187 /* Images */ = {
			isa = PBXGroup;
			children = (
				3355B380164744960068FB07 /* Default-Landscape.png */,
				3355B381164744960068FB07 /* Default-Landscape@2x.png */,
				3355B382164744960068FB07 /* Default-Portrait.png */,
				3355B383164744960068FB07 /* Default-Portrait@2x.png */,
				33E11545164743CA004924E5 /* Icon-72.png */,
				33E11546164743CA004924E5 /* Icon-72@2x.png */,
				33E11547164743CA004924E5 /* Icon-Small-50.png */,
				33E11548164743CA004924E5 /* Icon-Small-50@2x.png */,
				33E11549164743CA004924E5 /* Icon.png */,
				33E1154A164743CA004924E5 /* Icon@2x.png */,
				33A36FCF1641D24600E40187 /* Default.png */,
				33A36FD11641D24600E40187 /* Default@2x.png */,
				33A36FD31641D24600E40187 /* Default-568h@2x.png */,
			);
			name = Images;
			sourceTree = "<group>";
		};
		33C19B84164338F700CE1C0A /* BK */ = {
			isa = PBXGroup;
			children = (
				33C19B81164338D200CE1C0A /* UIColor+Beauty.h */,
				33C19B82164338D200CE1C0A /* UIColor+Beauty.m */,
				33C19B7A1643386A00CE1C0A /* BUIButton.h */,
				33C19B7B1643386A00CE1C0A /* BUIButton.m */,
				33C19B7C1643386A00CE1C0A /* BUILabel.h */,
				33C19B7D1643386A00CE1C0A /* BUILabel.m */,
			);
			name = BK;
			sourceTree = "<group>";
		};
		33D919E416433E7C00CCF09F /* en */ = {
			isa = PBXGroup;
			children = (
				333773E21643024300D8672D /* Localizable.strings */,
			);
			name = en;
			sourceTree = "<group>";
		};
		33D919E616433ECF00CCF09F /* fr.lproj */ = {
			isa = PBXGroup;
			children = (
				33D919E916433ECF00CCF09F /* Localizable.strings */,
				33D919EB16433ECF00CCF09F /* RBMasterViewController_iPad.xib */,
				33D919ED16433ECF00CCF09F /* RBMasterViewController_iPhone.xib */,
				33D919EF16433ECF00CCF09F /* RBUserDetailViewController_iPad.xib */,
				33D919F116433ECF00CCF09F /* RBUserDetailViewController_iPhone.xib */,
			);
			path = fr.lproj;
			sourceTree = "<group>";
		};
		33F72A6E16432E08007EB4CC /* RefreshUser */ = {
			isa = PBXGroup;
			children = (
				33F72A6B16432E03007EB4CC /* RBRefreshUserServerConnection.h */,
				33F72A6C16432E04007EB4CC /* RBRefreshUserServerConnection.m */,
			);
			name = RefreshUser;
			sourceTree = "<group>";
		};
/* End PBXGroup section */

/* Begin PBXNativeTarget section */
		33A36FB61641D24600E40187 /* FacebookReader */ = {
			isa = PBXNativeTarget;
			buildConfigurationList = 33A36FEC1641D24700E40187 /* Build configuration list for PBXNativeTarget "FacebookReader" */;
			buildPhases = (
				33A36FB31641D24600E40187 /* Sources */,
				33A36FB41641D24600E40187 /* Frameworks */,
				33A36FB51641D24600E40187 /* Resources */,
			);
			buildRules = (
			);
			dependencies = (
			);
			name = FacebookReader;
			productName = Luluvise;
			productReference = 33A36FB71641D24600E40187 /* FacebookReader.app */;
			productType = "com.apple.product-type.application";
		};
/* End PBXNativeTarget section */

/* Begin PBXProject section */
		33A36FAE1641D24600E40187 /* Project object */ = {
			isa = PBXProject;
			attributes = {
				CLASSPREFIX = RB;
				LastUpgradeCheck = 0450;
				ORGANIZATIONNAME = "Romain Boulay";
			};
			buildConfigurationList = 33A36FB11641D24600E40187 /* Build configuration list for PBXProject "FacebookReader" */;
			compatibilityVersion = "Xcode 3.2";
			developmentRegion = English;
			hasScannedForEncodings = 0;
			knownRegions = (
				en,
				fr,
			);
			mainGroup = 33A36FAC1641D24600E40187;
			productRefGroup = 33A36FB81641D24600E40187 /* Products */;
			projectDirPath = "";
			projectRoot = "";
			targets = (
				33A36FB61641D24600E40187 /* FacebookReader */,
			);
		};
/* End PBXProject section */

/* Begin PBXResourcesBuildPhase section */
		33A36FB51641D24600E40187 /* Resources */ = {
			isa = PBXResourcesBuildPhase;
			buildActionMask = 2147483647;
			files = (
				33A36FD01641D24600E40187 /* Default.png in Resources */,
				33A36FD21641D24600E40187 /* Default@2x.png in Resources */,
				33A36FD41641D24600E40187 /* Default-568h@2x.png in Resources */,
				33A36FE01641D24700E40187 /* RBMasterViewController_iPhone.xib in Resources */,
				33A36FE31641D24700E40187 /* RBMasterViewController_iPad.xib in Resources */,
				33A36FE61641D24700E40187 /* RBUserDetailViewController_iPhone.xib in Resources */,
				33A36FE91641D24700E40187 /* RBUserDetailViewController_iPad.xib in Resources */,
				33A0962D1642E4EC008FE2E4 /* UserCell.xib in Resources */,
				333773E01643024300D8672D /* Localizable.strings in Resources */,
				333773E71643041B00D8672D /* RBWebViewController.xib in Resources */,
				33D919F416433ECF00CCF09F /* Localizable.strings in Resources */,
				33D919F516433ECF00CCF09F /* RBMasterViewController_iPad.xib in Resources */,
				33D919F616433ECF00CCF09F /* RBMasterViewController_iPhone.xib in Resources */,
				33D919F716433ECF00CCF09F /* RBUserDetailViewController_iPad.xib in Resources */,
				33D919F816433ECF00CCF09F /* RBUserDetailViewController_iPhone.xib in Resources */,
				33E1154B164743CA004924E5 /* Icon-72.png in Resources */,
				33E1154C164743CA004924E5 /* Icon-72@2x.png in Resources */,
				33E1154D164743CA004924E5 /* Icon-Small-50.png in Resources */,
				33E1154E164743CA004924E5 /* Icon-Small-50@2x.png in Resources */,
				33E1154F164743CA004924E5 /* Icon.png in Resources */,
				33E11550164743CA004924E5 /* Icon@2x.png in Resources */,
				3355B384164744960068FB07 /* Default-Landscape.png in Resources */,
				3355B385164744960068FB07 /* Default-Landscape@2x.png in Resources */,
				3355B386164744960068FB07 /* Default-Portrait.png in Resources */,
				3355B387164744960068FB07 /* Default-Portrait@2x.png in Resources */,
			);
			runOnlyForDeploymentPostprocessing = 0;
		};
/* End PBXResourcesBuildPhase section */

/* Begin PBXSourcesBuildPhase section */
		33A36FB31641D24600E40187 /* Sources */ = {
			isa = PBXSourcesBuildPhase;
			buildActionMask = 2147483647;
			files = (
				33A36FCA1641D24600E40187 /* main.m in Sources */,
				33A36FCE1641D24600E40187 /* RBAppDelegate.m in Sources */,
				33A36FD71641D24700E40187 /* FacebookReader.xcdatamodeld in Sources */,
				33A36FDA1641D24700E40187 /* RBMasterViewController.m in Sources */,
				33A36FDD1641D24700E40187 /* RBUserDetailViewController.m in Sources */,
				33A36FF61641FE2B00E40187 /* User.m in Sources */,
				33A36FFE1641FEA100E40187 /* User+Utils.m in Sources */,
				33A37010164201DE00E40187 /* RBServerConnection.m in Sources */,
				33A3701416420C9D00E40187 /* JSONKit.m in Sources */,
				33A3701816427D0100E40187 /* RBAddUserServerConnection.m in Sources */,
				33A3701F1642863B00E40187 /* NSDictionary+Utils.m in Sources */,
				33A0960B1642CE74008FE2E4 /* RBCoreDataHelpers.m in Sources */,
				33A096281642E137008FE2E4 /* NSNotificationCenter+MainThread.m in Sources */,
				33A0962C1642E4EC008FE2E4 /* UserCell.m in Sources */,
				333773E61643041B00D8672D /* RBWebViewController.m in Sources */,
				33F72A6D16432E04007EB4CC /* RBRefreshUserServerConnection.m in Sources */,
				33C19B7E1643386A00CE1C0A /* BUIButton.m in Sources */,
				33C19B7F1643386A00CE1C0A /* BUILabel.m in Sources */,
				33C19B83164338D200CE1C0A /* UIColor+Beauty.m in Sources */,
			);
			runOnlyForDeploymentPostprocessing = 0;
		};
/* End PBXSourcesBuildPhase section */

/* Begin PBXVariantGroup section */
		333773E21643024300D8672D /* Localizable.strings */ = {
			isa = PBXVariantGroup;
			children = (
				333773E11643024300D8672D /* en */,
			);
			name = Localizable.strings;
			sourceTree = "<group>";
		};
		33A36FDE1641D24700E40187 /* RBMasterViewController_iPhone.xib */ = {
			isa = PBXVariantGroup;
			children = (
				33A36FDF1641D24700E40187 /* en */,
			);
			name = RBMasterViewController_iPhone.xib;
			sourceTree = "<group>";
		};
		33A36FE11641D24700E40187 /* RBMasterViewController_iPad.xib */ = {
			isa = PBXVariantGroup;
			children = (
				33A36FE21641D24700E40187 /* en */,
			);
			name = RBMasterViewController_iPad.xib;
			sourceTree = "<group>";
		};
		33A36FE41641D24700E40187 /* RBUserDetailViewController_iPhone.xib */ = {
			isa = PBXVariantGroup;
			children = (
				33A36FE51641D24700E40187 /* en */,
			);
			name = RBUserDetailViewController_iPhone.xib;
			sourceTree = "<group>";
		};
		33A36FE71641D24700E40187 /* RBUserDetailViewController_iPad.xib */ = {
			isa = PBXVariantGroup;
			children = (
				33A36FE81641D24700E40187 /* en */,
			);
			name = RBUserDetailViewController_iPad.xib;
			sourceTree = "<group>";
		};
		33D919E916433ECF00CCF09F /* Localizable.strings */ = {
			isa = PBXVariantGroup;
			children = (
				33D919EA16433ECF00CCF09F /* fr */,
			);
			name = Localizable.strings;
			sourceTree = "<group>";
		};
		33D919EB16433ECF00CCF09F /* RBMasterViewController_iPad.xib */ = {
			isa = PBXVariantGroup;
			children = (
				33D919EC16433ECF00CCF09F /* fr */,
			);
			name = RBMasterViewController_iPad.xib;
			sourceTree = "<group>";
		};
		33D919ED16433ECF00CCF09F /* RBMasterViewController_iPhone.xib */ = {
			isa = PBXVariantGroup;
			children = (
				33D919EE16433ECF00CCF09F /* fr */,
			);
			name = RBMasterViewController_iPhone.xib;
			sourceTree = "<group>";
		};
		33D919EF16433ECF00CCF09F /* RBUserDetailViewController_iPad.xib */ = {
			isa = PBXVariantGroup;
			children = (
				33D919F016433ECF00CCF09F /* fr */,
			);
			name = RBUserDetailViewController_iPad.xib;
			sourceTree = "<group>";
		};
		33D919F116433ECF00CCF09F /* RBUserDetailViewController_iPhone.xib */ = {
			isa = PBXVariantGroup;
			children = (
				33D919F216433ECF00CCF09F /* fr */,
			);
			name = RBUserDetailViewController_iPhone.xib;
			sourceTree = "<group>";
		};
/* End PBXVariantGroup section */

/* Begin XCBuildConfiguration section */
		33A36FEA1641D24700E40187 /* Debug */ = {
			isa = XCBuildConfiguration;
			buildSettings = {
				ALWAYS_SEARCH_USER_PATHS = NO;
				CLANG_CXX_LANGUAGE_STANDARD = "gnu++0x";
				CLANG_CXX_LIBRARY = "libc++";
				CLANG_WARN_EMPTY_BODY = YES;
				CLANG_WARN__DUPLICATE_METHOD_MATCH = YES;
				"CODE_SIGN_IDENTITY[sdk=iphoneos*]" = "iPhone Developer";
				COPY_PHASE_STRIP = NO;
				GCC_C_LANGUAGE_STANDARD = gnu99;
				GCC_DYNAMIC_NO_PIC = NO;
				GCC_OPTIMIZATION_LEVEL = 0;
				GCC_PREPROCESSOR_DEFINITIONS = (
					"DEBUG=1",
					"$(inherited)",
				);
				GCC_SYMBOLS_PRIVATE_EXTERN = NO;
				GCC_WARN_ABOUT_RETURN_TYPE = YES;
				GCC_WARN_UNINITIALIZED_AUTOS = YES;
				GCC_WARN_UNUSED_VARIABLE = YES;
				IPHONEOS_DEPLOYMENT_TARGET = 4.3;
				ONLY_ACTIVE_ARCH = YES;
				SDKROOT = iphoneos;
				TARGETED_DEVICE_FAMILY = "1,2";
			};
			name = Debug;
		};
		33A36FEB1641D24700E40187 /* Release */ = {
			isa = XCBuildConfiguration;
			buildSettings = {
				ALWAYS_SEARCH_USER_PATHS = NO;
				CLANG_CXX_LANGUAGE_STANDARD = "gnu++0x";
				CLANG_CXX_LIBRARY = "libc++";
				CLANG_WARN_EMPTY_BODY = YES;
				CLANG_WARN__DUPLICATE_METHOD_MATCH = YES;
				"CODE_SIGN_IDENTITY[sdk=iphoneos*]" = "iPhone Developer";
				COPY_PHASE_STRIP = YES;
				GCC_C_LANGUAGE_STANDARD = gnu99;
				GCC_WARN_ABOUT_RETURN_TYPE = YES;
				GCC_WARN_UNINITIALIZED_AUTOS = YES;
				GCC_WARN_UNUSED_VARIABLE = YES;
				IPHONEOS_DEPLOYMENT_TARGET = 4.3;
				OTHER_CFLAGS = "-DNS_BLOCK_ASSERTIONS=1";
				SDKROOT = iphoneos;
				TARGETED_DEVICE_FAMILY = "1,2";
				VALIDATE_PRODUCT = YES;
			};
			name = Release;
		};
		33A36FED1641D24700E40187 /* Debug */ = {
			isa = XCBuildConfiguration;
			buildSettings = {
				ARCHS = (
					armv7s,
					armv7,
					armv6,
				);
				GCC_PRECOMPILE_PREFIX_HEADER = YES;
				GCC_PREFIX_HEADER = "FacebookReader/FacebookReader-Prefix.pch";
				INFOPLIST_FILE = "FacebookReader/FacebookReader-Info.plist";
				IPHONEOS_DEPLOYMENT_TARGET = 4.3;
				PRODUCT_NAME = FacebookReader;
				VALID_ARCHS = "armv7 armv7s armv6";
				WRAPPER_EXTENSION = app;
			};
			name = Debug;
		};
		33A36FEE1641D24700E40187 /* Release */ = {
			isa = XCBuildConfiguration;
			buildSettings = {
				ARCHS = (
					armv7s,
					armv7,
					armv6,
				);
				GCC_PRECOMPILE_PREFIX_HEADER = YES;
				GCC_PREFIX_HEADER = "FacebookReader/FacebookReader-Prefix.pch";
				INFOPLIST_FILE = "FacebookReader/FacebookReader-Info.plist";
				IPHONEOS_DEPLOYMENT_TARGET = 4.3;
				PRODUCT_NAME = FacebookReader;
				VALID_ARCHS = "armv7 armv7s armv6";
				WRAPPER_EXTENSION = app;
			};
			name = Release;
		};
/* End XCBuildConfiguration section */

/* Begin XCConfigurationList section */
		33A36FB11641D24600E40187 /* Build configuration list for PBXProject "FacebookReader" */ = {
			isa = XCConfigurationList;
			buildConfigurations = (
				33A36FEA1641D24700E40187 /* Debug */,
				33A36FEB1641D24700E40187 /* Release */,
			);
			defaultConfigurationIsVisible = 0;
			defaultConfigurationName = Release;
		};
		33A36FEC1641D24700E40187 /* Build configuration list for PBXNativeTarget "FacebookReader" */ = {
			isa = XCConfigurationList;
			buildConfigurations = (
				33A36FED1641D24700E40187 /* Debug */,
				33A36FEE1641D24700E40187 /* Release */,
			);
			defaultConfigurationIsVisible = 0;
			defaultConfigurationName = Release;
		};
/* End XCConfigurationList section */

/* Begin XCVersionGroup section */
		33A36FD51641D24700E40187 /* FacebookReader.xcdatamodeld */ = {
			isa = XCVersionGroup;
			children = (
				33A36FD61641D24700E40187 /* FacebookReader.xcdatamodel */,
			);
			currentVersion = 33A36FD61641D24700E40187 /* FacebookReader.xcdatamodel */;
			name = FacebookReader.xcdatamodeld;
			path = FacebookReader/FacebookReader.xcdatamodeld;
			sourceTree = "<group>";
			versionGroupType = wrapper.xcdatamodel;
		};
/* End XCVersionGroup section */
	};
	rootObject = 33A36FAE1641D24600E40187 /* Project object */;
}
